# This file is @generated by PDM.
# It is not intended for manual editing.

[[package]]
name = "anyio"
version = "3.7.0"
requires_python = ">=3.7"
summary = "High level compatibility layer for multiple asynchronous event loop implementations"
dependencies = [
    "exceptiongroup; python_version < \"3.11\"",
    "idna>=2.8",
    "sniffio>=1.1",
]

[[package]]
name = "billiard"
version = "4.1.0"
requires_python = ">=3.7"
summary = "Python multiprocessing fork with improvements and bugfixes"

[[package]]
name = "cloudpickle"
version = "2.2.1"
requires_python = ">=3.6"
summary = "Extended pickling support for Python objects"

[[package]]
name = "dill"
version = "0.3.6"
requires_python = ">=3.7"
summary = "serialize all of python"

[[package]]
name = "exceptiongroup"
version = "1.1.1"
requires_python = ">=3.7"
summary = "Backport of PEP 654 (exception groups)"

[[package]]
name = "idna"
version = "3.4"
requires_python = ">=3.5"
summary = "Internationalized Domain Names in Applications (IDNA)"

[[package]]
name = "sniffio"
version = "1.3.0"
requires_python = ">=3.7"
summary = "Sniff out which async library your code is running under"

[[package]]
name = "typing-extensions"
version = "4.6.3"
requires_python = ">=3.7"
summary = "Backported and Experimental Type Hints for Python 3.7+"

[metadata]
lock_version = "4.2"
cross_platform = true
groups = ["default", "all", "billiard", "cloudpickle", "dill"]
content_hash = "sha256:652b68e1815b9c67d1699ba060a2de63d525134ae0341bc4d0e980dc68df6b7c"

[metadata.files]
"anyio 3.7.0" = [
    {url = "https://files.pythonhosted.org/packages/68/fe/7ce1926952c8a403b35029e194555558514b365ad77d75125f521a2bec62/anyio-3.7.0-py3-none-any.whl", hash = "sha256:eddca883c4175f14df8aedce21054bfca3adb70ffe76a9f607aef9d7fa2ea7f0"},
    {url = "https://files.pythonhosted.org/packages/c6/b3/fefbf7e78ab3b805dec67d698dc18dd505af7a18a8dd08868c9b4fa736b5/anyio-3.7.0.tar.gz", hash = "sha256:275d9973793619a5374e1c89a4f4ad3f4b0a5510a2b5b939444bee8f4c4d37ce"},
]
"billiard 4.1.0" = [
    {url = "https://files.pythonhosted.org/packages/b3/9c/c02d3988ddb0e32e974db1d8434616f1503b12fc7087bf18243ccd69a60a/billiard-4.1.0.tar.gz", hash = "sha256:1ad2eeae8e28053d729ba3373d34d9d6e210f6e4d8bf0a9c64f92bd053f1edf5"},
    {url = "https://files.pythonhosted.org/packages/e3/a4/ae83eeb0563804a4148ff0e52f530e675bc90718c7c770cdfe4af1340c86/billiard-4.1.0-py3-none-any.whl", hash = "sha256:0f50d6be051c6b2b75bfbc8bfd85af195c5739c281d3f5b86a5640c65563614a"},
]
"cloudpickle 2.2.1" = [
    {url = "https://files.pythonhosted.org/packages/15/80/44286939ca215e88fa827b2aeb6fa3fd2b4a7af322485c7170d6f9fd96e0/cloudpickle-2.2.1-py3-none-any.whl", hash = "sha256:61f594d1f4c295fa5cd9014ceb3a1fc4a70b0de1164b94fbc2d854ccba056f9f"},
    {url = "https://files.pythonhosted.org/packages/5f/51/913ecca3970a2227cf4d5e8937df52cc28f465ac442216110b8e3323262d/cloudpickle-2.2.1.tar.gz", hash = "sha256:d89684b8de9e34a2a43b3460fbca07d09d6e25ce858df4d5a44240403b6178f5"},
]
"dill 0.3.6" = [
    {url = "https://files.pythonhosted.org/packages/7c/e7/364a09134e1062d4d5ff69b853a56cf61c223e0afcc6906b6832bcd51ea8/dill-0.3.6.tar.gz", hash = "sha256:e5db55f3687856d8fbdab002ed78544e1c4559a130302693d839dfe8f93f2373"},
    {url = "https://files.pythonhosted.org/packages/be/e3/a84bf2e561beed15813080d693b4b27573262433fced9c1d1fea59e60553/dill-0.3.6-py3-none-any.whl", hash = "sha256:a07ffd2351b8c678dfc4a856a3005f8067aea51d6ba6c700796a4d9e280f39f0"},
]
"exceptiongroup 1.1.1" = [
    {url = "https://files.pythonhosted.org/packages/61/97/17ed81b7a8d24d8f69b62c0db37abbd8c0042d4b3fc429c73dab986e7483/exceptiongroup-1.1.1-py3-none-any.whl", hash = "sha256:232c37c63e4f682982c8b6459f33a8981039e5fb8756b2074364e5055c498c9e"},
    {url = "https://files.pythonhosted.org/packages/cc/38/57f14ddc8e8baeddd8993a36fe57ce7b4ba174c35048b9a6d270bb01e833/exceptiongroup-1.1.1.tar.gz", hash = "sha256:d484c3090ba2889ae2928419117447a14daf3c1231d5e30d0aae34f354f01785"},
]
"idna 3.4" = [
    {url = "https://files.pythonhosted.org/packages/8b/e1/43beb3d38dba6cb420cefa297822eac205a277ab43e5ba5d5c46faf96438/idna-3.4.tar.gz", hash = "sha256:814f528e8dead7d329833b91c5faa87d60bf71824cd12a7530b5526063d02cb4"},
    {url = "https://files.pythonhosted.org/packages/fc/34/3030de6f1370931b9dbb4dad48f6ab1015ab1d32447850b9fc94e60097be/idna-3.4-py3-none-any.whl", hash = "sha256:90b77e79eaa3eba6de819a0c442c0b4ceefc341a7a2ab77d7562bf49f425c5c2"},
]
"sniffio 1.3.0" = [
    {url = "https://files.pythonhosted.org/packages/c3/a0/5dba8ed157b0136607c7f2151db695885606968d1fae123dc3391e0cfdbf/sniffio-1.3.0-py3-none-any.whl", hash = "sha256:eecefdce1e5bbfb7ad2eeaabf7c1eeb404d7757c379bd1f7e5cce9d8bf425384"},
    {url = "https://files.pythonhosted.org/packages/cd/50/d49c388cae4ec10e8109b1b833fd265511840706808576df3ada99ecb0ac/sniffio-1.3.0.tar.gz", hash = "sha256:e60305c5e5d314f5389259b7f22aaa33d8f7dee49763119234af3755c55b9101"},
]
"typing-extensions 4.6.3" = [
    {url = "https://files.pythonhosted.org/packages/42/56/cfaa7a5281734dadc842f3a22e50447c675a1c5a5b9f6ad8a07b467bffe7/typing_extensions-4.6.3.tar.gz", hash = "sha256:d91d5919357fe7f681a9f2b5b4cb2a5f1ef0a1e9f59c4d8ff0d3491e05c0ffd5"},
    {url = "https://files.pythonhosted.org/packages/5f/86/d9b1518d8e75b346a33eb59fa31bdbbee11459a7e2cc5be502fa779e96c5/typing_extensions-4.6.3-py3-none-any.whl", hash = "sha256:88a4153d8505aabbb4e13aacb7c486c2b4a33ca3b3f807914a9b4c844c471c26"},
]
